
Microsoft Visual Studio Solution File, Format Version 12.00
# Visual Studio Version 17
VisualStudioVersion = 17.2.32602.215
MinimumVisualStudioVersion = 10.0.40219.1
Project("{FAE04EC0-301F-11D3-BF4B-00C04F79EFBC}") = "CuratorMagazineWebAPI", "CuratorMagazineWebAPI\CuratorMagazineWebAPI.csproj", "{D3CEF659-FF7D-4BDF-BC72-30FF5972A361}"
EndProject
Global
	GlobalSection(SolutionConfigurationPlatforms) = preSolution
		Debug|Any CPU = Debug|Any CPU
		Release|Any CPU = Release|Any CPU
	EndGlobalSection
	GlobalSection(ProjectConfigurationPlatforms) = postSolution
		{D3CEF659-FF7D-4BDF-BC72-30FF5972A361}.Debug|Any CPU.ActiveCfg = Debug|Any CPU
		{D3CEF659-FF7D-4BDF-BC72-30FF5972A361}.Debug|Any CPU.Build.0 = Debug|Any CPU
		{D3CEF659-FF7D-4BDF-BC72-30FF5972A361}.Release|Any CPU.ActiveCfg = Release|Any CPU
		{D3CEF659-FF7D-4BDF-BC72-30FF5972A361}.Release|Any CPU.Build.0 = Release|Any CPU
	EndGlobalSection
	GlobalSection(SolutionProperties) = preSolution
		HideSolutionNode = FALSE
	EndGlobalSection
	GlobalSection(ExtensibilityGlobals) = postSolution
		SolutionGuid = {20F44810-81E0-4D2B-A370-69BF22DB406E}
	EndGlobalSection
EndGlobal
